
Microsoft Visual Studio Solution File, Format Version 12.00
# Visual Studio Version 17
VisualStudioVersion = 17.10.35122.118
MinimumVisualStudioVersion = 10.0.40219.1
Project("{FAE04EC0-301F-11D3-BF4B-00C04F79EFBC}") = "WebAPI_NPD211", "WebAPI_NPD211\WebAPI_NPD211.csproj", "{AF670B6C-94A1-48D0-909C-D848D5E72CDC}"
EndProject
Project("{9A19103F-16F7-4668-BE54-9A1E7A4F7556}") = "Data", "Data\Data.csproj", "{17F55FBC-8383-4D53-AF5A-E007D043E371}"
EndProject
Project("{9A19103F-16F7-4668-BE54-9A1E7A4F7556}") = "Core", "Core\Core.csproj", "{8C82BAAD-2C5E-41D0-869A-C9FDBA8E6170}"
EndProject
Global
	GlobalSection(SolutionConfigurationPlatforms) = preSolution
		Debug|Any CPU = Debug|Any CPU
		Release|Any CPU = Release|Any CPU
	EndGlobalSection
	GlobalSection(ProjectConfigurationPlatforms) = postSolution
		{AF670B6C-94A1-48D0-909C-D848D5E72CDC}.Debug|Any CPU.ActiveCfg = Debug|Any CPU
		{AF670B6C-94A1-48D0-909C-D848D5E72CDC}.Debug|Any CPU.Build.0 = Debug|Any CPU
		{AF670B6C-94A1-48D0-909C-D848D5E72CDC}.Release|Any CPU.ActiveCfg = Release|Any CPU
		{AF670B6C-94A1-48D0-909C-D848D5E72CDC}.Release|Any CPU.Build.0 = Release|Any CPU
		{17F55FBC-8383-4D53-AF5A-E007D043E371}.Debug|Any CPU.ActiveCfg = Debug|Any CPU
		{17F55FBC-8383-4D53-AF5A-E007D043E371}.Debug|Any CPU.Build.0 = Debug|Any CPU
		{17F55FBC-8383-4D53-AF5A-E007D043E371}.Release|Any CPU.ActiveCfg = Release|Any CPU
		{17F55FBC-8383-4D53-AF5A-E007D043E371}.Release|Any CPU.Build.0 = Release|Any CPU
		{8C82BAAD-2C5E-41D0-869A-C9FDBA8E6170}.Debug|Any CPU.ActiveCfg = Debug|Any CPU
		{8C82BAAD-2C5E-41D0-869A-C9FDBA8E6170}.Debug|Any CPU.Build.0 = Debug|Any CPU
		{8C82BAAD-2C5E-41D0-869A-C9FDBA8E6170}.Release|Any CPU.ActiveCfg = Release|Any CPU
		{8C82BAAD-2C5E-41D0-869A-C9FDBA8E6170}.Release|Any CPU.Build.0 = Release|Any CPU
	EndGlobalSection
	GlobalSection(SolutionProperties) = preSolution
		HideSolutionNode = FALSE
	EndGlobalSection
	GlobalSection(ExtensibilityGlobals) = postSolution
		SolutionGuid = {D7135B2B-8A20-4473-B82D-C9ACA9D7F0AA}
	EndGlobalSection
EndGlobal
